
Microsoft Visual Studio Solution File, Format Version 12.00
# Visual Studio Version 16
VisualStudioVersion = 16.0.31424.327
MinimumVisualStudioVersion = 10.0.40219.1
Project("{FAE04EC0-301F-11D3-BF4B-00C04F79EFBC}") = "SpyDuh", "SpyDuh.csproj", "{1DCC9620-578A-4ECA-AEB8-060A1DC153B8}"
EndProject
Global
	GlobalSection(SolutionConfigurationPlatforms) = preSolution
		Debug|Any CPU = Debug|Any CPU
		Release|Any CPU = Release|Any CPU
	EndGlobalSection
	GlobalSection(ProjectConfigurationPlatforms) = postSolution
		{1DCC9620-578A-4ECA-AEB8-060A1DC153B8}.Debug|Any CPU.ActiveCfg = Debug|Any CPU
		{1DCC9620-578A-4ECA-AEB8-060A1DC153B8}.Debug|Any CPU.Build.0 = Debug|Any CPU
		{1DCC9620-578A-4ECA-AEB8-060A1DC153B8}.Release|Any CPU.ActiveCfg = Release|Any CPU
		{1DCC9620-578A-4ECA-AEB8-060A1DC153B8}.Release|Any CPU.Build.0 = Release|Any CPU
	EndGlobalSection
	GlobalSection(SolutionProperties) = preSolution
		HideSolutionNode = FALSE
	EndGlobalSection
	GlobalSection(ExtensibilityGlobals) = postSolution
		SolutionGuid = {530D3863-6130-4FF7-87A0-4389A808A104}
	EndGlobalSection
EndGlobal
